
Microsoft Visual Studio Solution File, Format Version 12.00
# Visual Studio Version 16
VisualStudioVersion = 16.0.31424.327
MinimumVisualStudioVersion = 10.0.40219.1
Project("{FAE04EC0-301F-11D3-BF4B-00C04F79EFBC}") = "SpecFlowCore.Api", "SpecFlowCore.Api\SpecFlowCore.Api.csproj", "{34EE2FBC-D956-49C7-9D71-0D192F90B87E}"
EndProject
Project("{FAE04EC0-301F-11D3-BF4B-00C04F79EFBC}") = "SpecFlowCore.Tests", "SpecFlowCore.Tests\SpecFlowCore.Tests.csproj", "{BB2BC4B8-C780-430D-A018-4C0F8B31E766}"
EndProject
Global
	GlobalSection(SolutionConfigurationPlatforms) = preSolution
		Debug|Any CPU = Debug|Any CPU
		Release|Any CPU = Release|Any CPU
	EndGlobalSection
	GlobalSection(ProjectConfigurationPlatforms) = postSolution
		{34EE2FBC-D956-49C7-9D71-0D192F90B87E}.Debug|Any CPU.ActiveCfg = Debug|Any CPU
		{34EE2FBC-D956-49C7-9D71-0D192F90B87E}.Debug|Any CPU.Build.0 = Debug|Any CPU
		{34EE2FBC-D956-49C7-9D71-0D192F90B87E}.Release|Any CPU.ActiveCfg = Release|Any CPU
		{34EE2FBC-D956-49C7-9D71-0D192F90B87E}.Release|Any CPU.Build.0 = Release|Any CPU
		{BB2BC4B8-C780-430D-A018-4C0F8B31E766}.Debug|Any CPU.ActiveCfg = Debug|Any CPU
		{BB2BC4B8-C780-430D-A018-4C0F8B31E766}.Debug|Any CPU.Build.0 = Debug|Any CPU
		{BB2BC4B8-C780-430D-A018-4C0F8B31E766}.Release|Any CPU.ActiveCfg = Release|Any CPU
		{BB2BC4B8-C780-430D-A018-4C0F8B31E766}.Release|Any CPU.Build.0 = Release|Any CPU
	EndGlobalSection
	GlobalSection(SolutionProperties) = preSolution
		HideSolutionNode = FALSE
	EndGlobalSection
	GlobalSection(ExtensibilityGlobals) = postSolution
		SolutionGuid = {6A6368FB-2D95-43B2-9092-8A090269D893}
	EndGlobalSection
EndGlobal
